<?xml version="1.0" encoding="utf-8"?>
<Project ToolsVersion="4.0" xmlns="http://schemas.microsoft.com/developer/msbuild/2003">
  <ItemGroup>
    <Filter Include="Source Files">
      <UniqueIdentifier>{4FC737F1-C7A5-4376-A066-2A32D752A2FF}</UniqueIdentifier>
      <Extensions>cpp;c;cc;cxx;def;odl;idl;hpj;bat;asm;asmx</Extensions>
    </Filter>
    <Filter Include="Header Files">
      <UniqueIdentifier>{93995380-89BD-4b04-88EB-625FBE52EBFB}</UniqueIdentifier>
      <Extensions>h;hh;hpp;hxx;hm;inl;inc;ipp;xsd</Extensions>
    </Filter>
    <Filter Include="Resource Files">
      <UniqueIdentifier>{67DA6AB6-F800-4c08-8B7A-83BB121AAD01}</UniqueIdentifier>
      <Extensions>rc;ico;cur;bmp;dlg;rc2;rct;bin;rgs;gif;jpg;jpeg;jpe;resx;tiff;tif;png;wav;mfcribbon-ms</Extensions>
    </Filter>
    <Filter Include="Header Files\Base">
      <UniqueIdentifier>{da2488dd-dfdf-4978-8605-9054d5931e75}</UniqueIdentifier>
    </Filter>
    <Filter Include="Source Files\BaseFiles">
      <UniqueIdentifier>{b0dca1ea-d09c-48ba-8255-1480f33828fb}</UniqueIdentifier>
    </Filter>
    <Filter Include="Source Files\main">
      <UniqueIdentifier>{a71b48e1-b112-45a9-b8de-fffc903318e4}</UniqueIdentifier>
    </Filter>
    <Filter Include="Source Files\Components">
      <UniqueIdentifier>{3d105f87-3870-4617-91cf-096d0d740f4b}</UniqueIdentifier>
    </Filter>
    <Filter Include="Header Files\Components">
      <UniqueIdentifier>{d2772752-0dec-4708-b594-7106b1e69b0f}</UniqueIdentifier>
    </Filter>
    <Filter Include="Source Files\Components\Loaders">
      <UniqueIdentifier>{12fd9677-9336-4c83-95d1-12e8cb2ae29f}</UniqueIdentifier>
    </Filter>
    <Filter Include="Header Files\Components\Loaders">
      <UniqueIdentifier>{e17aef4d-db2c-4d49-9187-0650f84776d0}</UniqueIdentifier>
    </Filter>
  </ItemGroup>
  <ItemGroup>
    <ClCompile Include="batchhandler.cpp">
      <Filter>Source Files\BaseFiles</Filter>
    </ClCompile>
    <ClCompile Include="component.cpp">
      <Filter>Source Files\BaseFiles</Filter>
    </ClCompile>
    <ClCompile Include="entity.cpp">
      <Filter>Source Files\BaseFiles</Filter>
    </ClCompile>
    <ClCompile Include="entityhandler.cpp">
      <Filter>Source Files\BaseFiles</Filter>
    </ClCompile>
    <ClCompile Include="gameengine.cpp">
      <Filter>Source Files\BaseFiles</Filter>
    </ClCompile>
    <ClCompile Include="main.cpp">
      <Filter>Source Files\main</Filter>
    </ClCompile>
    <ClCompile Include="gamecontroller.cpp">
      <Filter>Source Files\Components</Filter>
    </ClCompile>
    <ClCompile Include="meshcomponent.cpp">
      <Filter>Source Files\Components</Filter>
    </ClCompile>
    <ClCompile Include="fileloader.cpp">
      <Filter>Source Files\BaseFiles</Filter>
    </ClCompile>
    <ClCompile Include="state.cpp">
      <Filter>Source Files</Filter>
    </ClCompile>
    <ClCompile Include="gamestate.cpp">
      <Filter>Source Files</Filter>
    </ClCompile>
    <ClCompile Include="textdata.cpp">
      <Filter>Source Files</Filter>
    </ClCompile>
    <ClCompile Include="textcomponent.cpp">
      <Filter>Source Files\Components</Filter>
    </ClCompile>
  </ItemGroup>
  <ItemGroup>
    <ClInclude Include="batchhandler.hpp">
      <Filter>Header Files\Base</Filter>
    </ClInclude>
    <ClInclude Include="entity.hpp">
      <Filter>Header Files\Base</Filter>
    </ClInclude>
    <ClInclude Include="entityhandler.hpp">
      <Filter>Header Files\Base</Filter>
    </ClInclude>
    <ClInclude Include="gameengine.hpp">
      <Filter>Header Files\Base</Filter>
    </ClInclude>
    <ClInclude Include="component.hpp">
      <Filter>Header Files\Base</Filter>
    </ClInclude>
    <ClInclude Include="playercomponent.hpp">
      <Filter>Header Files\Components</Filter>
    </ClInclude>
    <ClInclude Include="meshcomponent.hpp">
      <Filter>Header Files\Components</Filter>
    </ClInclude>
    <ClInclude Include="fileloader.hpp">
      <Filter>Header Files\Base</Filter>
    </ClInclude>
    <ClInclude Include="gamecontroller.hpp">
      <Filter>Header Files\Base</Filter>
    </ClInclude>
    <ClInclude Include="state.hpp">
      <Filter>Header Files\Base</Filter>
    </ClInclude>
    <ClInclude Include="gamestate.hpp">
      <Filter>Header Files\Base</Filter>
    </ClInclude>
    <ClInclude Include="textdata.hpp">
      <Filter>Header Files</Filter>
    </ClInclude>
    <ClInclude Include="textcomponent.hpp">
      <Filter>Header Files\Components</Filter>
    </ClInclude>
  </ItemGroup>
</Project>